
Microsoft Visual Studio Solution File, Format Version 12.00
# Visual Studio 15
VisualStudioVersion = 15.0.27130.2010
MinimumVisualStudioVersion = 10.0.40219.1
Project("{8BC9CEB8-8B4A-11D0-8D11-00A0C91BC942}") = "yyyymmdd", "yyyymmdd\yyyymmdd.vcxproj", "{F43240A1-A45C-4F57-816E-1BDE8DB27150}"
EndProject
Global
	GlobalSection(SolutionConfigurationPlatforms) = preSolution
		Debug|Win32 = Debug|Win32
		Debug|x64 = Debug|x64
		Release|Win32 = Release|Win32
		Release|x64 = Release|x64
	EndGlobalSection
	GlobalSection(ProjectConfigurationPlatforms) = postSolution
		{F43240A1-A45C-4F57-816E-1BDE8DB27150}.Debug|Win32.ActiveCfg = Debug|Win32
		{F43240A1-A45C-4F57-816E-1BDE8DB27150}.Debug|Win32.Build.0 = Debug|Win32
		{F43240A1-A45C-4F57-816E-1BDE8DB27150}.Debug|x64.ActiveCfg = Debug|x64
		{F43240A1-A45C-4F57-816E-1BDE8DB27150}.Debug|x64.Build.0 = Debug|x64
		{F43240A1-A45C-4F57-816E-1BDE8DB27150}.Release|Win32.ActiveCfg = Release|Win32
		{F43240A1-A45C-4F57-816E-1BDE8DB27150}.Release|Win32.Build.0 = Release|Win32
		{F43240A1-A45C-4F57-816E-1BDE8DB27150}.Release|x64.ActiveCfg = Release|x64
		{F43240A1-A45C-4F57-816E-1BDE8DB27150}.Release|x64.Build.0 = Release|x64
	EndGlobalSection
	GlobalSection(SolutionProperties) = preSolution
		HideSolutionNode = FALSE
	EndGlobalSection
	GlobalSection(ExtensibilityGlobals) = postSolution
		SolutionGuid = {9505C978-1671-4B92-8481-74C06F0F94D5}
	EndGlobalSection
EndGlobal
